
Microsoft Visual Studio Solution File, Format Version 12.00
# Visual Studio Version 16
VisualStudioVersion = 16.0.30114.105
MinimumVisualStudioVersion = 10.0.40219.1
Project("{FAE04EC0-301F-11D3-BF4B-00C04F79EFBC}") = "Domain", "Domain\Domain.csproj", "{F3132C71-1C55-47C3-BAAA-DA6DF7E17A4E}"
EndProject
Project("{FAE04EC0-301F-11D3-BF4B-00C04F79EFBC}") = "Infrastructure", "Infrastructure\Infrastructure.csproj", "{8090094A-7D35-4A45-8A2F-C9B5DE224C7D}"
EndProject
Project("{FAE04EC0-301F-11D3-BF4B-00C04F79EFBC}") = "Application", "Application\Application.csproj", "{AB238687-E262-4691-9862-92837C2B803B}"
EndProject
Project("{FAE04EC0-301F-11D3-BF4B-00C04F79EFBC}") = "WebApi", "WebApi\WebApi.csproj", "{590386E4-7149-4D97-A60A-0C38601227D2}"
EndProject
Project("{FAE04EC0-301F-11D3-BF4B-00C04F79EFBC}") = "Tests", "Tests\Tests.csproj", "{80B4E0C6-1B9E-4EEC-B0AF-E00FB081FAE9}"
EndProject
Global
	GlobalSection(SolutionConfigurationPlatforms) = preSolution
		Debug|Any CPU = Debug|Any CPU
		Release|Any CPU = Release|Any CPU
	EndGlobalSection
	GlobalSection(SolutionProperties) = preSolution
		HideSolutionNode = FALSE
	EndGlobalSection
	GlobalSection(ProjectConfigurationPlatforms) = postSolution
		{F3132C71-1C55-47C3-BAAA-DA6DF7E17A4E}.Debug|Any CPU.ActiveCfg = Debug|Any CPU
		{F3132C71-1C55-47C3-BAAA-DA6DF7E17A4E}.Debug|Any CPU.Build.0 = Debug|Any CPU
		{F3132C71-1C55-47C3-BAAA-DA6DF7E17A4E}.Release|Any CPU.ActiveCfg = Release|Any CPU
		{F3132C71-1C55-47C3-BAAA-DA6DF7E17A4E}.Release|Any CPU.Build.0 = Release|Any CPU
		{8090094A-7D35-4A45-8A2F-C9B5DE224C7D}.Debug|Any CPU.ActiveCfg = Debug|Any CPU
		{8090094A-7D35-4A45-8A2F-C9B5DE224C7D}.Debug|Any CPU.Build.0 = Debug|Any CPU
		{8090094A-7D35-4A45-8A2F-C9B5DE224C7D}.Release|Any CPU.ActiveCfg = Release|Any CPU
		{8090094A-7D35-4A45-8A2F-C9B5DE224C7D}.Release|Any CPU.Build.0 = Release|Any CPU
		{AB238687-E262-4691-9862-92837C2B803B}.Debug|Any CPU.ActiveCfg = Debug|Any CPU
		{AB238687-E262-4691-9862-92837C2B803B}.Debug|Any CPU.Build.0 = Debug|Any CPU
		{AB238687-E262-4691-9862-92837C2B803B}.Release|Any CPU.ActiveCfg = Release|Any CPU
		{AB238687-E262-4691-9862-92837C2B803B}.Release|Any CPU.Build.0 = Release|Any CPU
		{590386E4-7149-4D97-A60A-0C38601227D2}.Debug|Any CPU.ActiveCfg = Debug|Any CPU
		{590386E4-7149-4D97-A60A-0C38601227D2}.Debug|Any CPU.Build.0 = Debug|Any CPU
		{590386E4-7149-4D97-A60A-0C38601227D2}.Release|Any CPU.ActiveCfg = Release|Any CPU
		{590386E4-7149-4D97-A60A-0C38601227D2}.Release|Any CPU.Build.0 = Release|Any CPU
		{80B4E0C6-1B9E-4EEC-B0AF-E00FB081FAE9}.Debug|Any CPU.ActiveCfg = Debug|Any CPU
		{80B4E0C6-1B9E-4EEC-B0AF-E00FB081FAE9}.Debug|Any CPU.Build.0 = Debug|Any CPU
		{80B4E0C6-1B9E-4EEC-B0AF-E00FB081FAE9}.Release|Any CPU.ActiveCfg = Release|Any CPU
		{80B4E0C6-1B9E-4EEC-B0AF-E00FB081FAE9}.Release|Any CPU.Build.0 = Release|Any CPU
	EndGlobalSection
EndGlobal
